
Microsoft Visual Studio Solution File, Format Version 12.00
# Visual Studio Version 17
VisualStudioVersion = 17.8.34525.116
MinimumVisualStudioVersion = 10.0.40219.1
Project("{FAE04EC0-301F-11D3-BF4B-00C04F79EFBC}") = "CliniCare360", "CliniCare360.csproj", "{E57258B1-5BAE-4080-ACA2-474E9E73F698}"
EndProject
Global
	GlobalSection(SolutionConfigurationPlatforms) = preSolution
		Debug|Any CPU = Debug|Any CPU
		Release|Any CPU = Release|Any CPU
	EndGlobalSection
	GlobalSection(ProjectConfigurationPlatforms) = postSolution
		{E57258B1-5BAE-4080-ACA2-474E9E73F698}.Debug|Any CPU.ActiveCfg = Debug|Any CPU
		{E57258B1-5BAE-4080-ACA2-474E9E73F698}.Debug|Any CPU.Build.0 = Debug|Any CPU
		{E57258B1-5BAE-4080-ACA2-474E9E73F698}.Release|Any CPU.ActiveCfg = Release|Any CPU
		{E57258B1-5BAE-4080-ACA2-474E9E73F698}.Release|Any CPU.Build.0 = Release|Any CPU
	EndGlobalSection
	GlobalSection(SolutionProperties) = preSolution
		HideSolutionNode = FALSE
	EndGlobalSection
	GlobalSection(ExtensibilityGlobals) = postSolution
		SolutionGuid = {D4C08414-1134-4D2A-B13E-D99C56084DA2}
	EndGlobalSection
EndGlobal
